
Microsoft Visual Studio Solution File, Format Version 12.00
# Visual Studio Version 16
VisualStudioVersion = 16.0.30611.23
MinimumVisualStudioVersion = 10.0.40219.1
Project("{FAE04EC0-301F-11D3-BF4B-00C04F79EFBC}") = "armUI", "armUI\armUI.csproj", "{0FCE69D3-0B32-44B6-97B9-14AACCC67ADE}"
EndProject
Project("{8BC9CEB8-8B4A-11D0-8D11-00A0C91BC942}") = "armSolve", "armSolve\armSolve.vcxproj", "{1548BE53-9E0D-4738-856E-E3D4FC006436}"
EndProject
Global
	GlobalSection(SolutionConfigurationPlatforms) = preSolution
		Debug|Any CPU = Debug|Any CPU
		Debug|x64 = Debug|x64
		Debug|x86 = Debug|x86
		Release|Any CPU = Release|Any CPU
		Release|x64 = Release|x64
		Release|x86 = Release|x86
	EndGlobalSection
	GlobalSection(ProjectConfigurationPlatforms) = postSolution
		{0FCE69D3-0B32-44B6-97B9-14AACCC67ADE}.Debug|Any CPU.ActiveCfg = Debug|Any CPU
		{0FCE69D3-0B32-44B6-97B9-14AACCC67ADE}.Debug|Any CPU.Build.0 = Debug|Any CPU
		{0FCE69D3-0B32-44B6-97B9-14AACCC67ADE}.Debug|x64.ActiveCfg = Debug|Any CPU
		{0FCE69D3-0B32-44B6-97B9-14AACCC67ADE}.Debug|x64.Build.0 = Debug|Any CPU
		{0FCE69D3-0B32-44B6-97B9-14AACCC67ADE}.Debug|x86.ActiveCfg = Debug|Any CPU
		{0FCE69D3-0B32-44B6-97B9-14AACCC67ADE}.Debug|x86.Build.0 = Debug|Any CPU
		{0FCE69D3-0B32-44B6-97B9-14AACCC67ADE}.Release|Any CPU.ActiveCfg = Release|Any CPU
		{0FCE69D3-0B32-44B6-97B9-14AACCC67ADE}.Release|Any CPU.Build.0 = Release|Any CPU
		{0FCE69D3-0B32-44B6-97B9-14AACCC67ADE}.Release|x64.ActiveCfg = Release|Any CPU
		{0FCE69D3-0B32-44B6-97B9-14AACCC67ADE}.Release|x64.Build.0 = Release|Any CPU
		{0FCE69D3-0B32-44B6-97B9-14AACCC67ADE}.Release|x86.ActiveCfg = Release|Any CPU
		{0FCE69D3-0B32-44B6-97B9-14AACCC67ADE}.Release|x86.Build.0 = Release|Any CPU
		{1548BE53-9E0D-4738-856E-E3D4FC006436}.Debug|Any CPU.ActiveCfg = Debug|Win32
		{1548BE53-9E0D-4738-856E-E3D4FC006436}.Debug|x64.ActiveCfg = Debug|x64
		{1548BE53-9E0D-4738-856E-E3D4FC006436}.Debug|x64.Build.0 = Debug|x64
		{1548BE53-9E0D-4738-856E-E3D4FC006436}.Debug|x86.ActiveCfg = Debug|Win32
		{1548BE53-9E0D-4738-856E-E3D4FC006436}.Debug|x86.Build.0 = Debug|Win32
		{1548BE53-9E0D-4738-856E-E3D4FC006436}.Release|Any CPU.ActiveCfg = Release|Win32
		{1548BE53-9E0D-4738-856E-E3D4FC006436}.Release|x64.ActiveCfg = Release|x64
		{1548BE53-9E0D-4738-856E-E3D4FC006436}.Release|x64.Build.0 = Release|x64
		{1548BE53-9E0D-4738-856E-E3D4FC006436}.Release|x86.ActiveCfg = Release|Win32
		{1548BE53-9E0D-4738-856E-E3D4FC006436}.Release|x86.Build.0 = Release|Win32
	EndGlobalSection
	GlobalSection(SolutionProperties) = preSolution
		HideSolutionNode = FALSE
	EndGlobalSection
	GlobalSection(ExtensibilityGlobals) = postSolution
		SolutionGuid = {8EA8B271-F85C-45F2-877A-E17971D7EE7E}
	EndGlobalSection
EndGlobal
